
Microsoft Visual Studio Solution File, Format Version 12.00
# Visual Studio Version 17
VisualStudioVersion = 17.11.35312.102
MinimumVisualStudioVersion = 10.0.40219.1
Project("{FAE04EC0-301F-11D3-BF4B-00C04F79EFBC}") = "Employee_Wage", "Employee_Wage\Employee_Wage.csproj", "{DD49068A-9D61-429D-9D15-5D7AE0DDA70E}"
EndProject
Global
	GlobalSection(SolutionConfigurationPlatforms) = preSolution
		Debug|Any CPU = Debug|Any CPU
		Release|Any CPU = Release|Any CPU
	EndGlobalSection
	GlobalSection(ProjectConfigurationPlatforms) = postSolution
		{DD49068A-9D61-429D-9D15-5D7AE0DDA70E}.Debug|Any CPU.ActiveCfg = Debug|Any CPU
		{DD49068A-9D61-429D-9D15-5D7AE0DDA70E}.Debug|Any CPU.Build.0 = Debug|Any CPU
		{DD49068A-9D61-429D-9D15-5D7AE0DDA70E}.Release|Any CPU.ActiveCfg = Release|Any CPU
		{DD49068A-9D61-429D-9D15-5D7AE0DDA70E}.Release|Any CPU.Build.0 = Release|Any CPU
	EndGlobalSection
	GlobalSection(SolutionProperties) = preSolution
		HideSolutionNode = FALSE
	EndGlobalSection
	GlobalSection(ExtensibilityGlobals) = postSolution
		SolutionGuid = {1818942E-7EDD-4786-B27C-19A7E7A4BBDF}
	EndGlobalSection
EndGlobal
